// !$*UTF8*$!
{
	archiveVersion = 1;
	classes = {
	};
	objectVersion = 50;
	objects = {

/* Begin PBXBuildFile section */
		109710E4AAB65B28173BB9D7 /* Pods_MVVMDemo_MVVMDemoUITests.framework in Frameworks */ = {isa = PBXBuildFile; fileRef = 70C2A88FF2A1BFC9DFD25E33 /* Pods_MVVMDemo_MVVMDemoUITests.framework */; };
		1429A289CE6BFA60E3CEDA72 /* Pods_MVVMDemoTests.framework in Frameworks */ = {isa = PBXBuildFile; fileRef = CAB5C2DB57CEFFC1F89F425F /* Pods_MVVMDemoTests.framework */; };
		34E609876ADC8EFC14C4D87C /* Pods_MVVMDemo.framework in Frameworks */ = {isa = PBXBuildFile; fileRef = 0D3D7765D582E7B4899AF0F1 /* Pods_MVVMDemo.framework */; };
		42BDEFD6266EB79800073896 /* AppDelegate.swift in Sources */ = {isa = PBXBuildFile; fileRef = 42BDEFD5266EB79800073896 /* AppDelegate.swift */; };
		42BDEFD8266EB79800073896 /* SceneDelegate.swift in Sources */ = {isa = PBXBuildFile; fileRef = 42BDEFD7266EB79800073896 /* SceneDelegate.swift */; };
		42BDEFDA266EB79800073896 /* ViewController.swift in Sources */ = {isa = PBXBuildFile; fileRef = 42BDEFD9266EB79800073896 /* ViewController.swift */; };
		42BDEFDF266EB79B00073896 /* Assets.xcassets in Resources */ = {isa = PBXBuildFile; fileRef = 42BDEFDE266EB79B00073896 /* Assets.xcassets */; };
		42BDEFE2266EB79B00073896 /* LaunchScreen.storyboard in Resources */ = {isa = PBXBuildFile; fileRef = 42BDEFE0266EB79B00073896 /* LaunchScreen.storyboard */; };
		42BDEFED266EB79B00073896 /* MVVMDemoTests.swift in Sources */ = {isa = PBXBuildFile; fileRef = 42BDEFEC266EB79B00073896 /* MVVMDemoTests.swift */; };
		42BDEFF8266EB79B00073896 /* MVVMDemoUITests.swift in Sources */ = {isa = PBXBuildFile; fileRef = 42BDEFF7266EB79B00073896 /* MVVMDemoUITests.swift */; };
		42BDF014266EBEE200073896 /* ComingSoonViewModel.swift in Sources */ = {isa = PBXBuildFile; fileRef = 42BDF013266EBEE200073896 /* ComingSoonViewModel.swift */; };
		42BDF019266EBF3B00073896 /* ComingSoonModel.swift in Sources */ = {isa = PBXBuildFile; fileRef = 42BDF018266EBF3B00073896 /* ComingSoonModel.swift */; };
		42BDF01E266EBF7900073896 /* HttpClient.swift in Sources */ = {isa = PBXBuildFile; fileRef = 42BDF01D266EBF7900073896 /* HttpClient.swift */; };
		42BDF023266EC00100073896 /* ViewController.xib in Resources */ = {isa = PBXBuildFile; fileRef = 42BDF022266EC00100073896 /* ViewController.xib */; };
		42BDF051266ECAFF00073896 /* CustomCell.swift in Sources */ = {isa = PBXBuildFile; fileRef = 42BDF050266ECAFF00073896 /* CustomCell.swift */; };
		42BDF056266ECB1200073896 /* CustomCell.xib in Resources */ = {isa = PBXBuildFile; fileRef = 42BDF055266ECB1200073896 /* CustomCell.xib */; };
/* End PBXBuildFile section */

/* Begin PBXContainerItemProxy section */
		42BDEFE9266EB79B00073896 /* PBXContainerItemProxy */ = {
			isa = PBXContainerItemProxy;
			containerPortal = 42BDEFCA266EB79800073896 /* Project object */;
			proxyType = 1;
			remoteGlobalIDString = 42BDEFD1266EB79800073896;
			remoteInfo = MVVMDemo;
		};
		42BDEFF4266EB79B00073896 /* PBXContainerItemProxy */ = {
			isa = PBXContainerItemProxy;
			containerPortal = 42BDEFCA266EB79800073896 /* Project object */;
			proxyType = 1;
			remoteGlobalIDString = 42BDEFD1266EB79800073896;
			remoteInfo = MVVMDemo;
		};
/* End PBXContainerItemProxy section */

/* Begin PBXFileReference section */
		020E8BC6AAE5BABB4D277A39 /* Pods-MVVMDemo-MVVMDemoUITests.debug.xcconfig */ = {isa = PBXFileReference; includeInIndex = 1; lastKnownFileType = text.xcconfig; name = "Pods-MVVMDemo-MVVMDemoUITests.debug.xcconfig"; path = "Target Support Files/Pods-MVVMDemo-MVVMDemoUITests/Pods-MVVMDemo-MVVMDemoUITests.debug.xcconfig"; sourceTree = "<group>"; };
		08F8BF691FEC30A4414C0D67 /* Pods-MVVMDemo.release.xcconfig */ = {isa = PBXFileReference; includeInIndex = 1; lastKnownFileType = text.xcconfig; name = "Pods-MVVMDemo.release.xcconfig"; path = "Target Support Files/Pods-MVVMDemo/Pods-MVVMDemo.release.xcconfig"; sourceTree = "<group>"; };
		0D3D7765D582E7B4899AF0F1 /* Pods_MVVMDemo.framework */ = {isa = PBXFileReference; explicitFileType = wrapper.framework; includeInIndex = 0; path = Pods_MVVMDemo.framework; sourceTree = BUILT_PRODUCTS_DIR; };
		42BDEFD2266EB79800073896 /* MVVMDemo.app */ = {isa = PBXFileReference; explicitFileType = wrapper.application; includeInIndex = 0; path = MVVMDemo.app; sourceTree = BUILT_PRODUCTS_DIR; };
		42BDEFD5266EB79800073896 /* AppDelegate.swift */ = {isa = PBXFileReference; lastKnownFileType = sourcecode.swift; path = AppDelegate.swift; sourceTree = "<group>"; };
		42BDEFD7266EB79800073896 /* SceneDelegate.swift */ = {isa = PBXFileReference; lastKnownFileType = sourcecode.swift; path = SceneDelegate.swift; sourceTree = "<group>"; };
		42BDEFD9266EB79800073896 /* ViewController.swift */ = {isa = PBXFileReference; lastKnownFileType = sourcecode.swift; path = ViewController.swift; sourceTree = "<group>"; };
		42BDEFDC266EB79800073896 /* Base */ = {isa = PBXFileReference; lastKnownFileType = file.storyboard; name = Base; path = Base.lproj/Main.storyboard; sourceTree = "<group>"; };
		42BDEFDE266EB79B00073896 /* Assets.xcassets */ = {isa = PBXFileReference; lastKnownFileType = folder.assetcatalog; path = Assets.xcassets; sourceTree = "<group>"; };
		42BDEFE1266EB79B00073896 /* Base */ = {isa = PBXFileReference; lastKnownFileType = file.storyboard; name = Base; path = Base.lproj/LaunchScreen.storyboard; sourceTree = "<group>"; };
		42BDEFE3266EB79B00073896 /* Info.plist */ = {isa = PBXFileReference; lastKnownFileType = text.plist.xml; path = Info.plist; sourceTree = "<group>"; };
		42BDEFE8266EB79B00073896 /* MVVMDemoTests.xctest */ = {isa = PBXFileReference; explicitFileType = wrapper.cfbundle; includeInIndex = 0; path = MVVMDemoTests.xctest; sourceTree = BUILT_PRODUCTS_DIR; };
		42BDEFEC266EB79B00073896 /* MVVMDemoTests.swift */ = {isa = PBXFileReference; lastKnownFileType = sourcecode.swift; path = MVVMDemoTests.swift; sourceTree = "<group>"; };
		42BDEFEE266EB79B00073896 /* Info.plist */ = {isa = PBXFileReference; lastKnownFileType = text.plist.xml; path = Info.plist; sourceTree = "<group>"; };
		42BDEFF3266EB79B00073896 /* MVVMDemoUITests.xctest */ = {isa = PBXFileReference; explicitFileType = wrapper.cfbundle; includeInIndex = 0; path = MVVMDemoUITests.xctest; sourceTree = BUILT_PRODUCTS_DIR; };
		42BDEFF7266EB79B00073896 /* MVVMDemoUITests.swift */ = {isa = PBXFileReference; lastKnownFileType = sourcecode.swift; path = MVVMDemoUITests.swift; sourceTree = "<group>"; };
		42BDEFF9266EB79B00073896 /* Info.plist */ = {isa = PBXFileReference; lastKnownFileType = text.plist.xml; path = Info.plist; sourceTree = "<group>"; };
		42BDF013266EBEE200073896 /* ComingSoonViewModel.swift */ = {isa = PBXFileReference; lastKnownFileType = sourcecode.swift; path = ComingSoonViewModel.swift; sourceTree = "<group>"; };
		42BDF018266EBF3B00073896 /* ComingSoonModel.swift */ = {isa = PBXFileReference; lastKnownFileType = sourcecode.swift; path = ComingSoonModel.swift; sourceTree = "<group>"; };
		42BDF01D266EBF7900073896 /* HttpClient.swift */ = {isa = PBXFileReference; lastKnownFileType = sourcecode.swift; path = HttpClient.swift; sourceTree = "<group>"; };
		42BDF022266EC00100073896 /* ViewController.xib */ = {isa = PBXFileReference; lastKnownFileType = file.xib; path = ViewController.xib; sourceTree = "<group>"; };
		42BDF050266ECAFF00073896 /* CustomCell.swift */ = {isa = PBXFileReference; lastKnownFileType = sourcecode.swift; path = CustomCell.swift; sourceTree = "<group>"; };
		42BDF055266ECB1200073896 /* CustomCell.xib */ = {isa = PBXFileReference; lastKnownFileType = file.xib; path = CustomCell.xib; sourceTree = "<group>"; };
		70C2A88FF2A1BFC9DFD25E33 /* Pods_MVVMDemo_MVVMDemoUITests.framework */ = {isa = PBXFileReference; explicitFileType = wrapper.framework; includeInIndex = 0; path = Pods_MVVMDemo_MVVMDemoUITests.framework; sourceTree = BUILT_PRODUCTS_DIR; };
		875611300889ED241942F3F2 /* Pods-MVVMDemo-MVVMDemoUITests.release.xcconfig */ = {isa = PBXFileReference; includeInIndex = 1; lastKnownFileType = text.xcconfig; name = "Pods-MVVMDemo-MVVMDemoUITests.release.xcconfig"; path = "Target Support Files/Pods-MVVMDemo-MVVMDemoUITests/Pods-MVVMDemo-MVVMDemoUITests.release.xcconfig"; sourceTree = "<group>"; };
		A8CDE8D886523B797554BF86 /* Pods-MVVMDemo.debug.xcconfig */ = {isa = PBXFileReference; includeInIndex = 1; lastKnownFileType = text.xcconfig; name = "Pods-MVVMDemo.debug.xcconfig"; path = "Target Support Files/Pods-MVVMDemo/Pods-MVVMDemo.debug.xcconfig"; sourceTree = "<group>"; };
		AE7F6009E3EE272DFE443BC4 /* Pods-MVVMDemoTests.release.xcconfig */ = {isa = PBXFileReference; includeInIndex = 1; lastKnownFileType = text.xcconfig; name = "Pods-MVVMDemoTests.release.xcconfig"; path = "Target Support Files/Pods-MVVMDemoTests/Pods-MVVMDemoTests.release.xcconfig"; sourceTree = "<group>"; };
		CAB5C2DB57CEFFC1F89F425F /* Pods_MVVMDemoTests.framework */ = {isa = PBXFileReference; explicitFileType = wrapper.framework; includeInIndex = 0; path = Pods_MVVMDemoTests.framework; sourceTree = BUILT_PRODUCTS_DIR; };
		D208FCA677458AA886BEF9D3 /* Pods-MVVMDemoTests.debug.xcconfig */ = {isa = PBXFileReference; includeInIndex = 1; lastKnownFileType = text.xcconfig; name = "Pods-MVVMDemoTests.debug.xcconfig"; path = "Target Support Files/Pods-MVVMDemoTests/Pods-MVVMDemoTests.debug.xcconfig"; sourceTree = "<group>"; };
/* End PBXFileReference section */

/* Begin PBXFrameworksBuildPhase section */
		42BDEFCF266EB79800073896 /* Frameworks */ = {
			isa = PBXFrameworksBuildPhase;
			buildActionMask = 2147483647;
			files = (
				34E609876ADC8EFC14C4D87C /* Pods_MVVMDemo.framework in Frameworks */,
			);
			runOnlyForDeploymentPostprocessing = 0;
		};
		42BDEFE5266EB79B00073896 /* Frameworks */ = {
			isa = PBXFrameworksBuildPhase;
			buildActionMask = 2147483647;
			files = (
				1429A289CE6BFA60E3CEDA72 /* Pods_MVVMDemoTests.framework in Frameworks */,
			);
			runOnlyForDeploymentPostprocessing = 0;
		};
		42BDEFF0266EB79B00073896 /* Frameworks */ = {
			isa = PBXFrameworksBuildPhase;
			buildActionMask = 2147483647;
			files = (
				109710E4AAB65B28173BB9D7 /* Pods_MVVMDemo_MVVMDemoUITests.framework in Frameworks */,
			);
			runOnlyForDeploymentPostprocessing = 0;
		};
/* End PBXFrameworksBuildPhase section */

/* Begin PBXGroup section */
		42BDEFC9266EB79800073896 = {
			isa = PBXGroup;
			children = (
				42BDEFD4266EB79800073896 /* MVVMDemo */,
				42BDEFEB266EB79B00073896 /* MVVMDemoTests */,
				42BDEFF6266EB79B00073896 /* MVVMDemoUITests */,
				42BDEFD3266EB79800073896 /* Products */,
				F7BA8B1E8BC498A540D51510 /* Pods */,
				B1E24B5D92CFC4AFB7B93C76 /* Frameworks */,
			);
			sourceTree = "<group>";
		};
		42BDEFD3266EB79800073896 /* Products */ = {
			isa = PBXGroup;
			children = (
				42BDEFD2266EB79800073896 /* MVVMDemo.app */,
				42BDEFE8266EB79B00073896 /* MVVMDemoTests.xctest */,
				42BDEFF3266EB79B00073896 /* MVVMDemoUITests.xctest */,
			);
			name = Products;
			sourceTree = "<group>";
		};
		42BDEFD4266EB79800073896 /* MVVMDemo */ = {
			isa = PBXGroup;
			children = (
				42BDF012266EBE9E00073896 /* NetworkManager */,
				42BDF011266EBB9A00073896 /* Model */,
				42BDF010266EBB8700073896 /* ViewModel */,
				42BDF00F266EBB7800073896 /* View */,
				42BDEFD5266EB79800073896 /* AppDelegate.swift */,
				42BDEFD7266EB79800073896 /* SceneDelegate.swift */,
				42BDEFDB266EB79800073896 /* Main.storyboard */,
				42BDEFDE266EB79B00073896 /* Assets.xcassets */,
				42BDEFE0266EB79B00073896 /* LaunchScreen.storyboard */,
				42BDEFE3266EB79B00073896 /* Info.plist */,
			);
			path = MVVMDemo;
			sourceTree = "<group>";
		};
		42BDEFEB266EB79B00073896 /* MVVMDemoTests */ = {
			isa = PBXGroup;
			children = (
				42BDEFEC266EB79B00073896 /* MVVMDemoTests.swift */,
				42BDEFEE266EB79B00073896 /* Info.plist */,
			);
			path = MVVMDemoTests;
			sourceTree = "<group>";
		};
		42BDEFF6266EB79B00073896 /* MVVMDemoUITests */ = {
			isa = PBXGroup;
			children = (
				42BDEFF7266EB79B00073896 /* MVVMDemoUITests.swift */,
				42BDEFF9266EB79B00073896 /* Info.plist */,
			);
			path = MVVMDemoUITests;
			sourceTree = "<group>";
		};
		42BDF00F266EBB7800073896 /* View */ = {
			isa = PBXGroup;
			children = (
				42BDEFD9266EB79800073896 /* ViewController.swift */,
				42BDF022266EC00100073896 /* ViewController.xib */,
				42BDF050266ECAFF00073896 /* CustomCell.swift */,
				42BDF055266ECB1200073896 /* CustomCell.xib */,
			);
			path = View;
			sourceTree = "<group>";
		};
		42BDF010266EBB8700073896 /* ViewModel */ = {
			isa = PBXGroup;
			children = (
				42BDF013266EBEE200073896 /* ComingSoonViewModel.swift */,
			);
			path = ViewModel;
			sourceTree = "<group>";
		};
		42BDF011266EBB9A00073896 /* Model */ = {
			isa = PBXGroup;
			children = (
				42BDF018266EBF3B00073896 /* ComingSoonModel.swift */,
			);
			path = Model;
			sourceTree = "<group>";
		};
		42BDF012266EBE9E00073896 /* NetworkManager */ = {
			isa = PBXGroup;
			children = (
				42BDF01D266EBF7900073896 /* HttpClient.swift */,
			);
			path = NetworkManager;
			sourceTree = "<group>";
		};
		B1E24B5D92CFC4AFB7B93C76 /* Frameworks */ = {
			isa = PBXGroup;
			children = (
				0D3D7765D582E7B4899AF0F1 /* Pods_MVVMDemo.framework */,
				70C2A88FF2A1BFC9DFD25E33 /* Pods_MVVMDemo_MVVMDemoUITests.framework */,
				CAB5C2DB57CEFFC1F89F425F /* Pods_MVVMDemoTests.framework */,
			);
			name = Frameworks;
			sourceTree = "<group>";
		};
		F7BA8B1E8BC498A540D51510 /* Pods */ = {
			isa = PBXGroup;
			children = (
				A8CDE8D886523B797554BF86 /* Pods-MVVMDemo.debug.xcconfig */,
				08F8BF691FEC30A4414C0D67 /* Pods-MVVMDemo.release.xcconfig */,
				020E8BC6AAE5BABB4D277A39 /* Pods-MVVMDemo-MVVMDemoUITests.debug.xcconfig */,
				875611300889ED241942F3F2 /* Pods-MVVMDemo-MVVMDemoUITests.release.xcconfig */,
				D208FCA677458AA886BEF9D3 /* Pods-MVVMDemoTests.debug.xcconfig */,
				AE7F6009E3EE272DFE443BC4 /* Pods-MVVMDemoTests.release.xcconfig */,
			);
			name = Pods;
			path = Pods;
			sourceTree = "<group>";
		};
/* End PBXGroup section */

/* Begin PBXNativeTarget section */
		42BDEFD1266EB79800073896 /* MVVMDemo */ = {
			isa = PBXNativeTarget;
			buildConfigurationList = 42BDEFFC266EB79B00073896 /* Build configuration list for PBXNativeTarget "MVVMDemo" */;
			buildPhases = (
				A5EADF549060E3FA53C2EFA0 /* [CP] Check Pods Manifest.lock */,
				42BDEFCE266EB79800073896 /* Sources */,
				42BDEFCF266EB79800073896 /* Frameworks */,
				42BDEFD0266EB79800073896 /* Resources */,
				B5F029C269DC95F2DE624F09 /* [CP] Embed Pods Frameworks */,
			);
			buildRules = (
			);
			dependencies = (
			);
			name = MVVMDemo;
			productName = MVVMDemo;
			productReference = 42BDEFD2266EB79800073896 /* MVVMDemo.app */;
			productType = "com.apple.product-type.application";
		};
		42BDEFE7266EB79B00073896 /* MVVMDemoTests */ = {
			isa = PBXNativeTarget;
			buildConfigurationList = 42BDEFFF266EB79B00073896 /* Build configuration list for PBXNativeTarget "MVVMDemoTests" */;
			buildPhases = (
				9030209938FC0794788CE989 /* [CP] Check Pods Manifest.lock */,
				42BDEFE4266EB79B00073896 /* Sources */,
				42BDEFE5266EB79B00073896 /* Frameworks */,
				42BDEFE6266EB79B00073896 /* Resources */,
			);
			buildRules = (
			);
			dependencies = (
				42BDEFEA266EB79B00073896 /* PBXTargetDependency */,
			);
			name = MVVMDemoTests;
			productName = MVVMDemoTests;
			productReference = 42BDEFE8266EB79B00073896 /* MVVMDemoTests.xctest */;
			productType = "com.apple.product-type.bundle.unit-test";
		};
		42BDEFF2266EB79B00073896 /* MVVMDemoUITests */ = {
			isa = PBXNativeTarget;
			buildConfigurationList = 42BDF002266EB79B00073896 /* Build configuration list for PBXNativeTarget "MVVMDemoUITests" */;
			buildPhases = (
				3A39D2084CAD0601254C83FE /* [CP] Check Pods Manifest.lock */,
				42BDEFEF266EB79B00073896 /* Sources */,
				42BDEFF0266EB79B00073896 /* Frameworks */,
				42BDEFF1266EB79B00073896 /* Resources */,
				F94495821B97FDD05AFD3A9E /* [CP] Embed Pods Frameworks */,
			);
			buildRules = (
			);
			dependencies = (
				42BDEFF5266EB79B00073896 /* PBXTargetDependency */,
			);
			name = MVVMDemoUITests;
			productName = MVVMDemoUITests;
			productReference = 42BDEFF3266EB79B00073896 /* MVVMDemoUITests.xctest */;
			productType = "com.apple.product-type.bundle.ui-testing";
		};
/* End PBXNativeTarget section */

/* Begin PBXProject section */
		42BDEFCA266EB79800073896 /* Project object */ = {
			isa = PBXProject;
			attributes = {
				LastSwiftUpdateCheck = 1240;
				LastUpgradeCheck = 1240;
				TargetAttributes = {
					42BDEFD1266EB79800073896 = {
						CreatedOnToolsVersion = 12.4;
					};
					42BDEFE7266EB79B00073896 = {
						CreatedOnToolsVersion = 12.4;
						TestTargetID = 42BDEFD1266EB79800073896;
					};
					42BDEFF2266EB79B00073896 = {
						CreatedOnToolsVersion = 12.4;
						TestTargetID = 42BDEFD1266EB79800073896;
					};
				};
			};
			buildConfigurationList = 42BDEFCD266EB79800073896 /* Build configuration list for PBXProject "MVVMDemo" */;
			compatibilityVersion = "Xcode 9.3";
			developmentRegion = en;
			hasScannedForEncodings = 0;
			knownRegions = (
				en,
				Base,
			);
			mainGroup = 42BDEFC9266EB79800073896;
			productRefGroup = 42BDEFD3266EB79800073896 /* Products */;
			projectDirPath = "";
			projectRoot = "";
			targets = (
				42BDEFD1266EB79800073896 /* MVVMDemo */,
				42BDEFE7266EB79B00073896 /* MVVMDemoTests */,
				42BDEFF2266EB79B00073896 /* MVVMDemoUITests */,
			);
		};
/* End PBXProject section */

/* Begin PBXResourcesBuildPhase section */
		42BDEFD0266EB79800073896 /* Resources */ = {
			isa = PBXResourcesBuildPhase;
			buildActionMask = 2147483647;
			files = (
				42BDEFE2266EB79B00073896 /* LaunchScreen.storyboard in Resources */,
				42BDF023266EC00100073896 /* ViewController.xib in Resources */,
				42BDF056266ECB1200073896 /* CustomCell.xib in Resources */,
				42BDEFDF266EB79B00073896 /* Assets.xcassets in Resources */,
			);
			runOnlyForDeploymentPostprocessing = 0;
		};
		42BDEFE6266EB79B00073896 /* Resources */ = {
			isa = PBXResourcesBuildPhase;
			buildActionMask = 2147483647;
			files = (
			);
			runOnlyForDeploymentPostprocessing = 0;
		};
		42BDEFF1266EB79B00073896 /* Resources */ = {
			isa = PBXResourcesBuildPhase;
			buildActionMask = 2147483647;
			files = (
			);
			runOnlyForDeploymentPostprocessing = 0;
		};
/* End PBXResourcesBuildPhase section */

/* Begin PBXShellScriptBuildPhase section */
		3A39D2084CAD0601254C83FE /* [CP] Check Pods Manifest.lock */ = {
			isa = PBXShellScriptBuildPhase;
			buildActionMask = 2147483647;
			files = (
			);
			inputFileListPaths = (
			);
			inputPaths = (
				"${PODS_PODFILE_DIR_PATH}/Podfile.lock",
				"${PODS_ROOT}/Manifest.lock",
			);
			name = "[CP] Check Pods Manifest.lock";
			outputFileListPaths = (
			);
			outputPaths = (
				"$(DERIVED_FILE_DIR)/Pods-MVVMDemo-MVVMDemoUITests-checkManifestLockResult.txt",
			);
			runOnlyForDeploymentPostprocessing = 0;
			shellPath = /bin/sh;
			shellScript = "diff \"${PODS_PODFILE_DIR_PATH}/Podfile.lock\" \"${PODS_ROOT}/Manifest.lock\" > /dev/null\nif [ $? != 0 ] ; then\n    # print error to STDERR\n    echo \"error: The sandbox is not in sync with the Podfile.lock. Run 'pod install' or update your CocoaPods installation.\" >&2\n    exit 1\nfi\n# This output is used by Xcode 'outputs' to avoid re-running this script phase.\necho \"SUCCESS\" > \"${SCRIPT_OUTPUT_FILE_0}\"\n";
			showEnvVarsInLog = 0;
		};
		9030209938FC0794788CE989 /* [CP] Check Pods Manifest.lock */ = {
			isa = PBXShellScriptBuildPhase;
			buildActionMask = 2147483647;
			files = (
			);
			inputFileListPaths = (
			);
			inputPaths = (
				"${PODS_PODFILE_DIR_PATH}/Podfile.lock",
				"${PODS_ROOT}/Manifest.lock",
			);
			name = "[CP] Check Pods Manifest.lock";
			outputFileListPaths = (
			);
			outputPaths = (
				"$(DERIVED_FILE_DIR)/Pods-MVVMDemoTests-checkManifestLockResult.txt",
			);
			runOnlyForDeploymentPostprocessing = 0;
			shellPath = /bin/sh;
			shellScript = "diff \"${PODS_PODFILE_DIR_PATH}/Podfile.lock\" \"${PODS_ROOT}/Manifest.lock\" > /dev/null\nif [ $? != 0 ] ; then\n    # print error to STDERR\n    echo \"error: The sandbox is not in sync with the Podfile.lock. Run 'pod install' or update your CocoaPods installation.\" >&2\n    exit 1\nfi\n# This output is used by Xcode 'outputs' to avoid re-running this script phase.\necho \"SUCCESS\" > \"${SCRIPT_OUTPUT_FILE_0}\"\n";
			showEnvVarsInLog = 0;
		};
		A5EADF549060E3FA53C2EFA0 /* [CP] Check Pods Manifest.lock */ = {
			isa = PBXShellScriptBuildPhase;
			buildActionMask = 2147483647;
			files = (
			);
			inputFileListPaths = (
			);
			inputPaths = (
				"${PODS_PODFILE_DIR_PATH}/Podfile.lock",
				"${PODS_ROOT}/Manifest.lock",
			);
			name = "[CP] Check Pods Manifest.lock";
			outputFileListPaths = (
			);
			outputPaths = (
				"$(DERIVED_FILE_DIR)/Pods-MVVMDemo-checkManifestLockResult.txt",
			);
			runOnlyForDeploymentPostprocessing = 0;
			shellPath = /bin/sh;
			shellScript = "diff \"${PODS_PODFILE_DIR_PATH}/Podfile.lock\" \"${PODS_ROOT}/Manifest.lock\" > /dev/null\nif [ $? != 0 ] ; then\n    # print error to STDERR\n    echo \"error: The sandbox is not in sync with the Podfile.lock. Run 'pod install' or update your CocoaPods installation.\" >&2\n    exit 1\nfi\n# This output is used by Xcode 'outputs' to avoid re-running this script phase.\necho \"SUCCESS\" > \"${SCRIPT_OUTPUT_FILE_0}\"\n";
			showEnvVarsInLog = 0;
		};
		B5F029C269DC95F2DE624F09 /* [CP] Embed Pods Frameworks */ = {
			isa = PBXShellScriptBuildPhase;
			buildActionMask = 2147483647;
			files = (
			);
			inputFileListPaths = (
				"${PODS_ROOT}/Target Support Files/Pods-MVVMDemo/Pods-MVVMDemo-frameworks-${CONFIGURATION}-input-files.xcfilelist",
			);
			name = "[CP] Embed Pods Frameworks";
			outputFileListPaths = (
				"${PODS_ROOT}/Target Support Files/Pods-MVVMDemo/Pods-MVVMDemo-frameworks-${CONFIGURATION}-output-files.xcfilelist",
			);
			runOnlyForDeploymentPostprocessing = 0;
			shellPath = /bin/sh;
			shellScript = "\"${PODS_ROOT}/Target Support Files/Pods-MVVMDemo/Pods-MVVMDemo-frameworks.sh\"\n";
			showEnvVarsInLog = 0;
		};
		F94495821B97FDD05AFD3A9E /* [CP] Embed Pods Frameworks */ = {
			isa = PBXShellScriptBuildPhase;
			buildActionMask = 2147483647;
			files = (
			);
			inputFileListPaths = (
				"${PODS_ROOT}/Target Support Files/Pods-MVVMDemo-MVVMDemoUITests/Pods-MVVMDemo-MVVMDemoUITests-frameworks-${CONFIGURATION}-input-files.xcfilelist",
			);
			name = "[CP] Embed Pods Frameworks";
			outputFileListPaths = (
				"${PODS_ROOT}/Target Support Files/Pods-MVVMDemo-MVVMDemoUITests/Pods-MVVMDemo-MVVMDemoUITests-frameworks-${CONFIGURATION}-output-files.xcfilelist",
			);
			runOnlyForDeploymentPostprocessing = 0;
			shellPath = /bin/sh;
			shellScript = "\"${PODS_ROOT}/Target Support Files/Pods-MVVMDemo-MVVMDemoUITests/Pods-MVVMDemo-MVVMDemoUITests-frameworks.sh\"\n";
			showEnvVarsInLog = 0;
		};
/* End PBXShellScriptBuildPhase section */

/* Begin PBXSourcesBuildPhase section */
		42BDEFCE266EB79800073896 /* Sources */ = {
			isa = PBXSourcesBuildPhase;
			buildActionMask = 2147483647;
			files = (
				42BDEFDA266EB79800073896 /* ViewController.swift in Sources */,
				42BDEFD6266EB79800073896 /* AppDelegate.swift in Sources */,
				42BDF019266EBF3B00073896 /* ComingSoonModel.swift in Sources */,
				42BDF014266EBEE200073896 /* ComingSoonViewModel.swift in Sources */,
				42BDF01E266EBF7900073896 /* HttpClient.swift in Sources */,
				42BDF051266ECAFF00073896 /* CustomCell.swift in Sources */,
				42BDEFD8266EB79800073896 /* SceneDelegate.swift in Sources */,
			);
			runOnlyForDeploymentPostprocessing = 0;
		};
		42BDEFE4266EB79B00073896 /* Sources */ = {
			isa = PBXSourcesBuildPhase;
			buildActionMask = 2147483647;
			files = (
				42BDEFED266EB79B00073896 /* MVVMDemoTests.swift in Sources */,
			);
			runOnlyForDeploymentPostprocessing = 0;
		};
		42BDEFEF266EB79B00073896 /* Sources */ = {
			isa = PBXSourcesBuildPhase;
			buildActionMask = 2147483647;
			files = (
				42BDEFF8266EB79B00073896 /* MVVMDemoUITests.swift in Sources */,
			);
			runOnlyForDeploymentPostprocessing = 0;
		};
/* End PBXSourcesBuildPhase section */

/* Begin PBXTargetDependency section */
		42BDEFEA266EB79B00073896 /* PBXTargetDependency */ = {
			isa = PBXTargetDependency;
			target = 42BDEFD1266EB79800073896 /* MVVMDemo */;
			targetProxy = 42BDEFE9266EB79B00073896 /* PBXContainerItemProxy */;
		};
		42BDEFF5266EB79B00073896 /* PBXTargetDependency */ = {
			isa = PBXTargetDependency;
			target = 42BDEFD1266EB79800073896 /* MVVMDemo */;
			targetProxy = 42BDEFF4266EB79B00073896 /* PBXContainerItemProxy */;
		};
/* End PBXTargetDependency section */

/* Begin PBXVariantGroup section */
		42BDEFDB266EB79800073896 /* Main.storyboard */ = {
			isa = PBXVariantGroup;
			children = (
				42BDEFDC266EB79800073896 /* Base */,
			);
			name = Main.storyboard;
			sourceTree = "<group>";
		};
		42BDEFE0266EB79B00073896 /* LaunchScreen.storyboard */ = {
			isa = PBXVariantGroup;
			children = (
				42BDEFE1266EB79B00073896 /* Base */,
			);
			name = LaunchScreen.storyboard;
			sourceTree = "<group>";
		};
/* End PBXVariantGroup section */

/* Begin XCBuildConfiguration section */
		42BDEFFA266EB79B00073896 /* Debug */ = {
			isa = XCBuildConfiguration;
			buildSettings = {
				ALWAYS_SEARCH_USER_PATHS = NO;
				CLANG_ANALYZER_NONNULL = YES;
				CLANG_ANALYZER_NUMBER_OBJECT_CONVERSION = YES_AGGRESSIVE;
				CLANG_CXX_LANGUAGE_STANDARD = "gnu++14";
				CLANG_CXX_LIBRARY = "libc++";
				CLANG_ENABLE_MODULES = YES;
				CLANG_ENABLE_OBJC_ARC = YES;
				CLANG_ENABLE_OBJC_WEAK = YES;
				CLANG_WARN_BLOCK_CAPTURE_AUTORELEASING = YES;
				CLANG_WARN_BOOL_CONVERSION = YES;
				CLANG_WARN_COMMA = YES;
				CLANG_WARN_CONSTANT_CONVERSION = YES;
				CLANG_WARN_DEPRECATED_OBJC_IMPLEMENTATIONS = YES;
				CLANG_WARN_DIRECT_OBJC_ISA_USAGE = YES_ERROR;
				CLANG_WARN_DOCUMENTATION_COMMENTS = YES;
				CLANG_WARN_EMPTY_BODY = YES;
				CLANG_WARN_ENUM_CONVERSION = YES;
				CLANG_WARN_INFINITE_RECURSION = YES;
				CLANG_WARN_INT_CONVERSION = YES;
				CLANG_WARN_NON_LITERAL_NULL_CONVERSION = YES;
				CLANG_WARN_OBJC_IMPLICIT_RETAIN_SELF = YES;
				CLANG_WARN_OBJC_LITERAL_CONVERSION = YES;
				CLANG_WARN_OBJC_ROOT_CLASS = YES_ERROR;
				CLANG_WARN_QUOTED_INCLUDE_IN_FRAMEWORK_HEADER = YES;
				CLANG_WARN_RANGE_LOOP_ANALYSIS = YES;
				CLANG_WARN_STRICT_PROTOTYPES = YES;
				CLANG_WARN_SUSPICIOUS_MOVE = YES;
				CLANG_WARN_UNGUARDED_AVAILABILITY = YES_AGGRESSIVE;
				CLANG_WARN_UNREACHABLE_CODE = YES;
				CLANG_WARN__DUPLICATE_METHOD_MATCH = YES;
				COPY_PHASE_STRIP = NO;
				DEBUG_INFORMATION_FORMAT = dwarf;
				ENABLE_STRICT_OBJC_MSGSEND = YES;
				ENABLE_TESTABILITY = YES;
				GCC_C_LANGUAGE_STANDARD = gnu11;
				GCC_DYNAMIC_NO_PIC = NO;
				GCC_NO_COMMON_BLOCKS = YES;
				GCC_OPTIMIZATION_LEVEL = 0;
				GCC_PREPROCESSOR_DEFINITIONS = (
					"DEBUG=1",
					"$(inherited)",
				);
				GCC_WARN_64_TO_32_BIT_CONVERSION = YES;
				GCC_WARN_ABOUT_RETURN_TYPE = YES_ERROR;
				GCC_WARN_UNDECLARED_SELECTOR = YES;
				GCC_WARN_UNINITIALIZED_AUTOS = YES_AGGRESSIVE;
				GCC_WARN_UNUSED_FUNCTION = YES;
				GCC_WARN_UNUSED_VARIABLE = YES;
				IPHONEOS_DEPLOYMENT_TARGET = 14.4;
				MTL_ENABLE_DEBUG_INFO = INCLUDE_SOURCE;
				MTL_FAST_MATH = YES;
				ONLY_ACTIVE_ARCH = YES;
				SDKROOT = iphoneos;
				SWIFT_ACTIVE_COMPILATION_CONDITIONS = DEBUG;
				SWIFT_OPTIMIZATION_LEVEL = "-Onone";
			};
			name = Debug;
		};
		42BDEFFB266EB79B00073896 /* Release */ = {
			isa = XCBuildConfiguration;
			buildSettings = {
				ALWAYS_SEARCH_USER_PATHS = NO;
				CLANG_ANALYZER_NONNULL = YES;
				CLANG_ANALYZER_NUMBER_OBJECT_CONVERSION = YES_AGGRESSIVE;
				CLANG_CXX_LANGUAGE_STANDARD = "gnu++14";
				CLANG_CXX_LIBRARY = "libc++";
				CLANG_ENABLE_MODULES = YES;
				CLANG_ENABLE_OBJC_ARC = YES;
				CLANG_ENABLE_OBJC_WEAK = YES;
				CLANG_WARN_BLOCK_CAPTURE_AUTORELEASING = YES;
				CLANG_WARN_BOOL_CONVERSION = YES;
				CLANG_WARN_COMMA = YES;
				CLANG_WARN_CONSTANT_CONVERSION = YES;
				CLANG_WARN_DEPRECATED_OBJC_IMPLEMENTATIONS = YES;
				CLANG_WARN_DIRECT_OBJC_ISA_USAGE = YES_ERROR;
				CLANG_WARN_DOCUMENTATION_COMMENTS = YES;
				CLANG_WARN_EMPTY_BODY = YES;
				CLANG_WARN_ENUM_CONVERSION = YES;
				CLANG_WARN_INFINITE_RECURSION = YES;
				CLANG_WARN_INT_CONVERSION = YES;
				CLANG_WARN_NON_LITERAL_NULL_CONVERSION = YES;
				CLANG_WARN_OBJC_IMPLICIT_RETAIN_SELF = YES;
				CLANG_WARN_OBJC_LITERAL_CONVERSION = YES;
				CLANG_WARN_OBJC_ROOT_CLASS = YES_ERROR;
				CLANG_WARN_QUOTED_INCLUDE_IN_FRAMEWORK_HEADER = YES;
				CLANG_WARN_RANGE_LOOP_ANALYSIS = YES;
				CLANG_WARN_STRICT_PROTOTYPES = YES;
				CLANG_WARN_SUSPICIOUS_MOVE = YES;
				CLANG_WARN_UNGUARDED_AVAILABILITY = YES_AGGRESSIVE;
				CLANG_WARN_UNREACHABLE_CODE = YES;
				CLANG_WARN__DUPLICATE_METHOD_MATCH = YES;
				COPY_PHASE_STRIP = NO;
				DEBUG_INFORMATION_FORMAT = "dwarf-with-dsym";
				ENABLE_NS_ASSERTIONS = NO;
				ENABLE_STRICT_OBJC_MSGSEND = YES;
				GCC_C_LANGUAGE_STANDARD = gnu11;
				GCC_NO_COMMON_BLOCKS = YES;
				GCC_WARN_64_TO_32_BIT_CONVERSION = YES;
				GCC_WARN_ABOUT_RETURN_TYPE = YES_ERROR;
				GCC_WARN_UNDECLARED_SELECTOR = YES;
				GCC_WARN_UNINITIALIZED_AUTOS = YES_AGGRESSIVE;
				GCC_WARN_UNUSED_FUNCTION = YES;
				GCC_WARN_UNUSED_VARIABLE = YES;
				IPHONEOS_DEPLOYMENT_TARGET = 14.4;
				MTL_ENABLE_DEBUG_INFO = NO;
				MTL_FAST_MATH = YES;
				SDKROOT = iphoneos;
				SWIFT_COMPILATION_MODE = wholemodule;
				SWIFT_OPTIMIZATION_LEVEL = "-O";
				VALIDATE_PRODUCT = YES;
			};
			name = Release;
		};
		42BDEFFD266EB79B00073896 /* Debug */ = {
			isa = XCBuildConfiguration;
			baseConfigurationReference = A8CDE8D886523B797554BF86 /* Pods-MVVMDemo.debug.xcconfig */;
			buildSettings = {
				ASSETCATALOG_COMPILER_APPICON_NAME = AppIcon;
				ASSETCATALOG_COMPILER_GLOBAL_ACCENT_COLOR_NAME = AccentColor;
				CODE_SIGN_STYLE = Automatic;
				INFOPLIST_FILE = MVVMDemo/Info.plist;
				LD_RUNPATH_SEARCH_PATHS = (
					"$(inherited)",
					"@executable_path/Frameworks",
				);
				PRODUCT_BUNDLE_IDENTIFIER = com.inc83.MVVMDemo;
				PRODUCT_NAME = "$(TARGET_NAME)";
				SWIFT_VERSION = 5.0;
				TARGETED_DEVICE_FAMILY = "1,2";
			};
			name = Debug;
		};
		42BDEFFE266EB79B00073896 /* Release */ = {
			isa = XCBuildConfiguration;
			baseConfigurationReference = 08F8BF691FEC30A4414C0D67 /* Pods-MVVMDemo.release.xcconfig */;
			buildSettings = {
				ASSETCATALOG_COMPILER_APPICON_NAME = AppIcon;
				ASSETCATALOG_COMPILER_GLOBAL_ACCENT_COLOR_NAME = AccentColor;
				CODE_SIGN_STYLE = Automatic;
				INFOPLIST_FILE = MVVMDemo/Info.plist;
				LD_RUNPATH_SEARCH_PATHS = (
					"$(inherited)",
					"@executable_path/Frameworks",
				);
				PRODUCT_BUNDLE_IDENTIFIER = com.inc83.MVVMDemo;
				PRODUCT_NAME = "$(TARGET_NAME)";
				SWIFT_VERSION = 5.0;
				TARGETED_DEVICE_FAMILY = "1,2";
			};
			name = Release;
		};
		42BDF000266EB79B00073896 /* Debug */ = {
			isa = XCBuildConfiguration;
			baseConfigurationReference = D208FCA677458AA886BEF9D3 /* Pods-MVVMDemoTests.debug.xcconfig */;
			buildSettings = {
				ALWAYS_EMBED_SWIFT_STANDARD_LIBRARIES = YES;
				BUNDLE_LOADER = "$(TEST_HOST)";
				CODE_SIGN_STYLE = Automatic;
				INFOPLIST_FILE = MVVMDemoTests/Info.plist;
				IPHONEOS_DEPLOYMENT_TARGET = 14.4;
				LD_RUNPATH_SEARCH_PATHS = (
					"$(inherited)",
					"@executable_path/Frameworks",
					"@loader_path/Frameworks",
				);
				PRODUCT_BUNDLE_IDENTIFIER = com.inc83.MVVMDemoTests;
				PRODUCT_NAME = "$(TARGET_NAME)";
				SWIFT_VERSION = 5.0;
				TARGETED_DEVICE_FAMILY = "1,2";
				TEST_HOST = "$(BUILT_PRODUCTS_DIR)/MVVMDemo.app/MVVMDemo";
			};
			name = Debug;
		};
		42BDF001266EB79B00073896 /* Release */ = {
			isa = XCBuildConfiguration;
			baseConfigurationReference = AE7F6009E3EE272DFE443BC4 /* Pods-MVVMDemoTests.release.xcconfig */;
			buildSettings = {
				ALWAYS_EMBED_SWIFT_STANDARD_LIBRARIES = YES;
				BUNDLE_LOADER = "$(TEST_HOST)";
				CODE_SIGN_STYLE = Automatic;
				INFOPLIST_FILE = MVVMDemoTests/Info.plist;
				IPHONEOS_DEPLOYMENT_TARGET = 14.4;
				LD_RUNPATH_SEARCH_PATHS = (
					"$(inherited)",
					"@executable_path/Frameworks",
					"@loader_path/Frameworks",
				);
				PRODUCT_BUNDLE_IDENTIFIER = com.inc83.MVVMDemoTests;
				PRODUCT_NAME = "$(TARGET_NAME)";
				SWIFT_VERSION = 5.0;
				TARGETED_DEVICE_FAMILY = "1,2";
				TEST_HOST = "$(BUILT_PRODUCTS_DIR)/MVVMDemo.app/MVVMDemo";
			};
			name = Release;
		};
		42BDF003266EB79B00073896 /* Debug */ = {
			isa = XCBuildConfiguration;
			baseConfigurationReference = 020E8BC6AAE5BABB4D277A39 /* Pods-MVVMDemo-MVVMDemoUITests.debug.xcconfig */;
			buildSettings = {
				ALWAYS_EMBED_SWIFT_STANDARD_LIBRARIES = YES;
				CODE_SIGN_STYLE = Automatic;
				INFOPLIST_FILE = MVVMDemoUITests/Info.plist;
				LD_RUNPATH_SEARCH_PATHS = (
					"$(inherited)",
					"@executable_path/Frameworks",
					"@loader_path/Frameworks",
				);
				PRODUCT_BUNDLE_IDENTIFIER = com.inc83.MVVMDemoUITests;
				PRODUCT_NAME = "$(TARGET_NAME)";
				SWIFT_VERSION = 5.0;
				TARGETED_DEVICE_FAMILY = "1,2";
				TEST_TARGET_NAME = MVVMDemo;
			};
			name = Debug;
		};
		42BDF004266EB79B00073896 /* Release */ = {
			isa = XCBuildConfiguration;
			baseConfigurationReference = 875611300889ED241942F3F2 /* Pods-MVVMDemo-MVVMDemoUITests.release.xcconfig */;
			buildSettings = {
				ALWAYS_EMBED_SWIFT_STANDARD_LIBRARIES = YES;
				CODE_SIGN_STYLE = Automatic;
				INFOPLIST_FILE = MVVMDemoUITests/Info.plist;
				LD_RUNPATH_SEARCH_PATHS = (
					"$(inherited)",
					"@executable_path/Frameworks",
					"@loader_path/Frameworks",
				);
				PRODUCT_BUNDLE_IDENTIFIER = com.inc83.MVVMDemoUITests;
				PRODUCT_NAME = "$(TARGET_NAME)";
				SWIFT_VERSION = 5.0;
				TARGETED_DEVICE_FAMILY = "1,2";
				TEST_TARGET_NAME = MVVMDemo;
			};
			name = Release;
		};
/* End XCBuildConfiguration section */

/* Begin XCConfigurationList section */
		42BDEFCD266EB79800073896 /* Build configuration list for PBXProject "MVVMDemo" */ = {
			isa = XCConfigurationList;
			buildConfigurations = (
				42BDEFFA266EB79B00073896 /* Debug */,
				42BDEFFB266EB79B00073896 /* Release */,
			);
			defaultConfigurationIsVisible = 0;
			defaultConfigurationName = Release;
		};
		42BDEFFC266EB79B00073896 /* Build configuration list for PBXNativeTarget "MVVMDemo" */ = {
			isa = XCConfigurationList;
			buildConfigurations = (
				42BDEFFD266EB79B00073896 /* Debug */,
				42BDEFFE266EB79B00073896 /* Release */,
			);
			defaultConfigurationIsVisible = 0;
			defaultConfigurationName = Release;
		};
		42BDEFFF266EB79B00073896 /* Build configuration list for PBXNativeTarget "MVVMDemoTests" */ = {
			isa = XCConfigurationList;
			buildConfigurations = (
				42BDF000266EB79B00073896 /* Debug */,
				42BDF001266EB79B00073896 /* Release */,
			);
			defaultConfigurationIsVisible = 0;
			defaultConfigurationName = Release;
		};
		42BDF002266EB79B00073896 /* Build configuration list for PBXNativeTarget "MVVMDemoUITests" */ = {
			isa = XCConfigurationList;
			buildConfigurations = (
				42BDF003266EB79B00073896 /* Debug */,
				42BDF004266EB79B00073896 /* Release */,
			);
			defaultConfigurationIsVisible = 0;
			defaultConfigurationName = Release;
		};
/* End XCConfigurationList section */
	};
	rootObject = 42BDEFCA266EB79800073896 /* Project object */;
}
